
Microsoft Visual Studio Solution File, Format Version 12.00
# Visual Studio Version 17
VisualStudioVersion = 17.0.31903.59
MinimumVisualStudioVersion = 10.0.40219.1
Project("{2150E333-8FDC-42A3-9474-1A3956D46DE8}") = "Domain", "Domain", "{D1E25351-924E-4F05-BB1D-4B916742DB9E}"
EndProject
Project("{FAE04EC0-301F-11D3-BF4B-00C04F79EFBC}") = "Domain", "Domain\Domain\Domain.csproj", "{5F12F73C-E29C-479B-9AC4-49BB7D2A6344}"
EndProject
Project("{2150E333-8FDC-42A3-9474-1A3956D46DE8}") = "Application", "Application", "{E1B79A49-B084-41B2-B6CE-2241C56F9F37}"
EndProject
Project("{FAE04EC0-301F-11D3-BF4B-00C04F79EFBC}") = "Application", "Application\Application\Application.csproj", "{1EF6A590-6846-4F05-ADE7-1500D85D15ED}"
EndProject
Project("{2150E333-8FDC-42A3-9474-1A3956D46DE8}") = "Infrastructure", "Infrastructure", "{87B0AC59-CE7A-4182-BED0-171B54E267E6}"
EndProject
Project("{FAE04EC0-301F-11D3-BF4B-00C04F79EFBC}") = "Infrastructure", "Infrastructure\Infrastructure\Infrastructure.csproj", "{C4905F28-4208-4430-BFA5-E3BD3DC022D2}"
EndProject
Project("{FAE04EC0-301F-11D3-BF4B-00C04F79EFBC}") = "Infrastructure.SqLite", "Infrastructure\Infrastructure.SqLite\Infrastructure.SqLite.csproj", "{03EC7AD0-BF1D-44E5-A93A-93D61C5C83D7}"
EndProject
Project("{2150E333-8FDC-42A3-9474-1A3956D46DE8}") = "src", "src", "{B94891ED-1FE2-4511-981E-48684C109766}"
EndProject
Project("{2150E333-8FDC-42A3-9474-1A3956D46DE8}") = "Backend", "Backend", "{9C024A6F-317C-4EC0-9F2F-D9FCFB0EF848}"
EndProject
Project("{2150E333-8FDC-42A3-9474-1A3956D46DE8}") = "FrontEnd", "FrontEnd", "{E5CD849E-8693-4177-AFDA-E1DC5CAC0B15}"
EndProject
Project("{FAE04EC0-301F-11D3-BF4B-00C04F79EFBC}") = "WebApi", "Presentation\WebApi\WebApi.csproj", "{0743DFEE-3FF4-475D-A724-6A84D3E95D21}"
EndProject
Project("{2150E333-8FDC-42A3-9474-1A3956D46DE8}") = "Presentation", "Presentation", "{6FE12784-1445-4C2F-8E83-FE23223FEA44}"
EndProject
Project("{2150E333-8FDC-42A3-9474-1A3956D46DE8}") = "NewFolder1", "NewFolder1", "{6FDB53C7-03C7-4B00-A473-F7AD99F4A0F2}"
EndProject
Global
	GlobalSection(SolutionConfigurationPlatforms) = preSolution
		Debug|Any CPU = Debug|Any CPU
		Release|Any CPU = Release|Any CPU
	EndGlobalSection
	GlobalSection(ProjectConfigurationPlatforms) = postSolution
		{5F12F73C-E29C-479B-9AC4-49BB7D2A6344}.Debug|Any CPU.ActiveCfg = Debug|Any CPU
		{5F12F73C-E29C-479B-9AC4-49BB7D2A6344}.Debug|Any CPU.Build.0 = Debug|Any CPU
		{5F12F73C-E29C-479B-9AC4-49BB7D2A6344}.Release|Any CPU.ActiveCfg = Release|Any CPU
		{5F12F73C-E29C-479B-9AC4-49BB7D2A6344}.Release|Any CPU.Build.0 = Release|Any CPU
		{1EF6A590-6846-4F05-ADE7-1500D85D15ED}.Debug|Any CPU.ActiveCfg = Debug|Any CPU
		{1EF6A590-6846-4F05-ADE7-1500D85D15ED}.Debug|Any CPU.Build.0 = Debug|Any CPU
		{1EF6A590-6846-4F05-ADE7-1500D85D15ED}.Release|Any CPU.ActiveCfg = Release|Any CPU
		{1EF6A590-6846-4F05-ADE7-1500D85D15ED}.Release|Any CPU.Build.0 = Release|Any CPU
		{C4905F28-4208-4430-BFA5-E3BD3DC022D2}.Debug|Any CPU.ActiveCfg = Debug|Any CPU
		{C4905F28-4208-4430-BFA5-E3BD3DC022D2}.Debug|Any CPU.Build.0 = Debug|Any CPU
		{C4905F28-4208-4430-BFA5-E3BD3DC022D2}.Release|Any CPU.ActiveCfg = Release|Any CPU
		{C4905F28-4208-4430-BFA5-E3BD3DC022D2}.Release|Any CPU.Build.0 = Release|Any CPU
		{03EC7AD0-BF1D-44E5-A93A-93D61C5C83D7}.Debug|Any CPU.ActiveCfg = Debug|Any CPU
		{03EC7AD0-BF1D-44E5-A93A-93D61C5C83D7}.Debug|Any CPU.Build.0 = Debug|Any CPU
		{03EC7AD0-BF1D-44E5-A93A-93D61C5C83D7}.Release|Any CPU.ActiveCfg = Release|Any CPU
		{03EC7AD0-BF1D-44E5-A93A-93D61C5C83D7}.Release|Any CPU.Build.0 = Release|Any CPU
		{0743DFEE-3FF4-475D-A724-6A84D3E95D21}.Debug|Any CPU.ActiveCfg = Debug|Any CPU
		{0743DFEE-3FF4-475D-A724-6A84D3E95D21}.Debug|Any CPU.Build.0 = Debug|Any CPU
		{0743DFEE-3FF4-475D-A724-6A84D3E95D21}.Release|Any CPU.ActiveCfg = Release|Any CPU
		{0743DFEE-3FF4-475D-A724-6A84D3E95D21}.Release|Any CPU.Build.0 = Release|Any CPU
	EndGlobalSection
	GlobalSection(SolutionProperties) = preSolution
		HideSolutionNode = FALSE
	EndGlobalSection
	GlobalSection(NestedProjects) = preSolution
		{D1E25351-924E-4F05-BB1D-4B916742DB9E} = {9C024A6F-317C-4EC0-9F2F-D9FCFB0EF848}
		{5F12F73C-E29C-479B-9AC4-49BB7D2A6344} = {D1E25351-924E-4F05-BB1D-4B916742DB9E}
		{E1B79A49-B084-41B2-B6CE-2241C56F9F37} = {9C024A6F-317C-4EC0-9F2F-D9FCFB0EF848}
		{1EF6A590-6846-4F05-ADE7-1500D85D15ED} = {E1B79A49-B084-41B2-B6CE-2241C56F9F37}
		{87B0AC59-CE7A-4182-BED0-171B54E267E6} = {9C024A6F-317C-4EC0-9F2F-D9FCFB0EF848}
		{C4905F28-4208-4430-BFA5-E3BD3DC022D2} = {87B0AC59-CE7A-4182-BED0-171B54E267E6}
		{03EC7AD0-BF1D-44E5-A93A-93D61C5C83D7} = {87B0AC59-CE7A-4182-BED0-171B54E267E6}
		{9C024A6F-317C-4EC0-9F2F-D9FCFB0EF848} = {B94891ED-1FE2-4511-981E-48684C109766}
		{E5CD849E-8693-4177-AFDA-E1DC5CAC0B15} = {B94891ED-1FE2-4511-981E-48684C109766}
		{0743DFEE-3FF4-475D-A724-6A84D3E95D21} = {6FE12784-1445-4C2F-8E83-FE23223FEA44}
		{6FE12784-1445-4C2F-8E83-FE23223FEA44} = {E5CD849E-8693-4177-AFDA-E1DC5CAC0B15}
		{6FDB53C7-03C7-4B00-A473-F7AD99F4A0F2} = {6FE12784-1445-4C2F-8E83-FE23223FEA44}
	EndGlobalSection
	GlobalSection(ExtensibilityGlobals) = postSolution
		SolutionGuid = {0EFFFB0C-CAF1-4A4F-B848-CBE6BF602E9A}
	EndGlobalSection
EndGlobal
